PODS:
  - Bugsnag (5.1.0):
    - KSCrash/RecordingAdvanced (~> 1.0.3)
  - KSCrash/no-arc (1.0.3)
  - KSCrash/Recording (1.0.3):
    - KSCrash/no-arc
  - KSCrash/RecordingAdvanced (1.0.3):
    - KSCrash/Recording

DEPENDENCIES:
  - Bugsnag

SPEC CHECKSUMS:
  Bugsnag: f766e45078ebdcf621e26739d41a1d26228d3988
  KSCrash: e8f1367230da7e33f37deb7329c299079202b07e

COCOAPODS: 0.39.0
